// !$*UTF8*$!
{
	archiveVersion = 1;
	classes = {
	};
	objectVersion = 50;
	objects = {

/* Begin PBXBuildFile section */
		6030E152278C745F002A231A /* AppDelegate.swift in Sources */ = {isa = PBXBuildFile; fileRef = 6030E151278C745F002A231A /* AppDelegate.swift */; };
		6030E154278C745F002A231A /* SceneDelegate.swift in Sources */ = {isa = PBXBuildFile; fileRef = 6030E153278C745F002A231A /* SceneDelegate.swift */; };
		6030E156278C745F002A231A /* ViewController.swift in Sources */ = {isa = PBXBuildFile; fileRef = 6030E155278C745F002A231A /* ViewController.swift */; };
		6030E159278C745F002A231A /* Main.storyboard in Resources */ = {isa = PBXBuildFile; fileRef = 6030E157278C745F002A231A /* Main.storyboard */; };
		6030E15B278C7462002A231A /* Assets.xcassets in Resources */ = {isa = PBXBuildFile; fileRef = 6030E15A278C7462002A231A /* Assets.xcassets */; };
		6030E15E278C7462002A231A /* LaunchScreen.storyboard in Resources */ = {isa = PBXBuildFile; fileRef = 6030E15C278C7462002A231A /* LaunchScreen.storyboard */; };
		6030E16F278C9492002A231A /* BlueCircleView.swift in Sources */ = {isa = PBXBuildFile; fileRef = 6030E16E278C9492002A231A /* BlueCircleView.swift */; };
/* End PBXBuildFile section */

/* Begin PBXFileReference section */
		6030E14E278C745F002A231A /* CustomUIViewGame.app */ = {isa = PBXFileReference; explicitFileType = wrapper.application; includeInIndex = 0; path = CustomUIViewGame.app; sourceTree = BUILT_PRODUCTS_DIR; };
		6030E151278C745F002A231A /* AppDelegate.swift */ = {isa = PBXFileReference; lastKnownFileType = sourcecode.swift; path = AppDelegate.swift; sourceTree = "<group>"; };
		6030E153278C745F002A231A /* SceneDelegate.swift */ = {isa = PBXFileReference; lastKnownFileType = sourcecode.swift; path = SceneDelegate.swift; sourceTree = "<group>"; };
		6030E155278C745F002A231A /* ViewController.swift */ = {isa = PBXFileReference; lastKnownFileType = sourcecode.swift; path = ViewController.swift; sourceTree = "<group>"; };
		6030E158278C745F002A231A /* Base */ = {isa = PBXFileReference; lastKnownFileType = file.storyboard; name = Base; path = Base.lproj/Main.storyboard; sourceTree = "<group>"; };
		6030E15A278C7462002A231A /* Assets.xcassets */ = {isa = PBXFileReference; lastKnownFileType = folder.assetcatalog; path = Assets.xcassets; sourceTree = "<group>"; };
		6030E15D278C7462002A231A /* Base */ = {isa = PBXFileReference; lastKnownFileType = file.storyboard; name = Base; path = Base.lproj/LaunchScreen.storyboard; sourceTree = "<group>"; };
		6030E15F278C7462002A231A /* Info.plist */ = {isa = PBXFileReference; lastKnownFileType = text.plist.xml; path = Info.plist; sourceTree = "<group>"; };
		6030E16E278C9492002A231A /* BlueCircleView.swift */ = {isa = PBXFileReference; lastKnownFileType = sourcecode.swift; path = BlueCircleView.swift; sourceTree = "<group>"; };
/* End PBXFileReference section */

/* Begin PBXFrameworksBuildPhase section */
		6030E14B278C745F002A231A /* Frameworks */ = {
			isa = PBXFrameworksBuildPhase;
			buildActionMask = 2147483647;
			files = (
			);
			runOnlyForDeploymentPostprocessing = 0;
		};
/* End PBXFrameworksBuildPhase section */

/* Begin PBXGroup section */
		6030E145278C745F002A231A = {
			isa = PBXGroup;
			children = (
				6030E150278C745F002A231A /* CustomUIViewGame */,
				6030E14F278C745F002A231A /* Products */,
			);
			sourceTree = "<group>";
		};
		6030E14F278C745F002A231A /* Products */ = {
			isa = PBXGroup;
			children = (
				6030E14E278C745F002A231A /* CustomUIViewGame.app */,
			);
			name = Products;
			sourceTree = "<group>";
		};
		6030E150278C745F002A231A /* CustomUIViewGame */ = {
			isa = PBXGroup;
			children = (
				6030E151278C745F002A231A /* AppDelegate.swift */,
				6030E153278C745F002A231A /* SceneDelegate.swift */,
				6030E155278C745F002A231A /* ViewController.swift */,
				6030E157278C745F002A231A /* Main.storyboard */,
				6030E15A278C7462002A231A /* Assets.xcassets */,
				6030E15C278C7462002A231A /* LaunchScreen.storyboard */,
				6030E15F278C7462002A231A /* Info.plist */,
				6030E16E278C9492002A231A /* BlueCircleView.swift */,
			);
			path = CustomUIViewGame;
			sourceTree = "<group>";
		};
/* End PBXGroup section */

/* Begin PBXNativeTarget section */
		6030E14D278C745F002A231A /* CustomUIViewGame */ = {
			isa = PBXNativeTarget;
			buildConfigurationList = 6030E162278C7462002A231A /* Build configuration list for PBXNativeTarget "CustomUIViewGame" */;
			buildPhases = (
				6030E14A278C745F002A231A /* Sources */,
				6030E14B278C745F002A231A /* Frameworks */,
				6030E14C278C745F002A231A /* Resources */,
			);
			buildRules = (
			);
			dependencies = (
			);
			name = CustomUIViewGame;
			productName = CustomUIViewGame;
			productReference = 6030E14E278C745F002A231A /* CustomUIViewGame.app */;
			productType = "com.apple.product-type.application";
		};
/* End PBXNativeTarget section */

/* Begin PBXProject section */
		6030E146278C745F002A231A /* Project object */ = {
			isa = PBXProject;
			attributes = {
				LastSwiftUpdateCheck = 1240;
				LastUpgradeCheck = 1240;
				TargetAttributes = {
					6030E14D278C745F002A231A = {
						CreatedOnToolsVersion = 12.4;
					};
				};
			};
			buildConfigurationList = 6030E149278C745F002A231A /* Build configuration list for PBXProject "CustomUIViewGame" */;
			compatibilityVersion = "Xcode 9.3";
			developmentRegion = en;
			hasScannedForEncodings = 0;
			knownRegions = (
				en,
				Base,
			);
			mainGroup = 6030E145278C745F002A231A;
			productRefGroup = 6030E14F278C745F002A231A /* Products */;
			projectDirPath = "";
			projectRoot = "";
			targets = (
				6030E14D278C745F002A231A /* CustomUIViewGame */,
			);
		};
/* End PBXProject section */

/* Begin PBXResourcesBuildPhase section */
		6030E14C278C745F002A231A /* Resources */ = {
			isa = PBXResourcesBuildPhase;
			buildActionMask = 2147483647;
			files = (
				6030E15E278C7462002A231A /* LaunchScreen.storyboard in Resources */,
				6030E15B278C7462002A231A /* Assets.xcassets in Resources */,
				6030E159278C745F002A231A /* Main.storyboard in Resources */,
			);
			runOnlyForDeploymentPostprocessing = 0;
		};
/* End PBXResourcesBuildPhase section */

/* Begin PBXSourcesBuildPhase section */
		6030E14A278C745F002A231A /* Sources */ = {
			isa = PBXSourcesBuildPhase;
			buildActionMask = 2147483647;
			files = (
				6030E16F278C9492002A231A /* BlueCircleView.swift in Sources */,
				6030E156278C745F002A231A /* ViewController.swift in Sources */,
				6030E152278C745F002A231A /* AppDelegate.swift in Sources */,
				6030E154278C745F002A231A /* SceneDelegate.swift in Sources */,
			);
			runOnlyForDeploymentPostprocessing = 0;
		};
/* End PBXSourcesBuildPhase section */

/* Begin PBXVariantGroup section */
		6030E157278C745F002A231A /* Main.storyboard */ = {
			isa = PBXVariantGroup;
			children = (
				6030E158278C745F002A231A /* Base */,
			);
			name = Main.storyboard;
			sourceTree = "<group>";
		};
		6030E15C278C7462002A231A /* LaunchScreen.storyboard */ = {
			isa = PBXVariantGroup;
			children = (
				6030E15D278C7462002A231A /* Base */,
			);
			name = LaunchScreen.storyboard;
			sourceTree = "<group>";
		};
/* End PBXVariantGroup section */

/* Begin XCBuildConfiguration section */
		6030E160278C7462002A231A /* Debug */ = {
			isa = XCBuildConfiguration;
			buildSettings = {
				ALWAYS_SEARCH_USER_PATHS = NO;
				CLANG_ANALYZER_NONNULL = YES;
				CLANG_ANALYZER_NUMBER_OBJECT_CONVERSION = YES_AGGRESSIVE;
				CLANG_CXX_LANGUAGE_STANDARD = "gnu++14";
				CLANG_CXX_LIBRARY = "libc++";
				CLANG_ENABLE_MODULES = YES;
				CLANG_ENABLE_OBJC_ARC = YES;
				CLANG_ENABLE_OBJC_WEAK = YES;
				CLANG_WARN_BLOCK_CAPTURE_AUTORELEASING = YES;
				CLANG_WARN_BOOL_CONVERSION = YES;
				CLANG_WARN_COMMA = YES;
				CLANG_WARN_CONSTANT_CONVERSION = YES;
				CLANG_WARN_DEPRECATED_OBJC_IMPLEMENTATIONS = YES;
				CLANG_WARN_DIRECT_OBJC_ISA_USAGE = YES_ERROR;
				CLANG_WARN_DOCUMENTATION_COMMENTS = YES;
				CLANG_WARN_EMPTY_BODY = YES;
				CLANG_WARN_ENUM_CONVERSION = YES;
				CLANG_WARN_INFINITE_RECURSION = YES;
				CLANG_WARN_INT_CONVERSION = YES;
				CLANG_WARN_NON_LITERAL_NULL_CONVERSION = YES;
				CLANG_WARN_OBJC_IMPLICIT_RETAIN_SELF = YES;
				CLANG_WARN_OBJC_LITERAL_CONVERSION = YES;
				CLANG_WARN_OBJC_ROOT_CLASS = YES_ERROR;
				CLANG_WARN_QUOTED_INCLUDE_IN_FRAMEWORK_HEADER = YES;
				CLANG_WARN_RANGE_LOOP_ANALYSIS = YES;
				CLANG_WARN_STRICT_PROTOTYPES = YES;
				CLANG_WARN_SUSPICIOUS_MOVE = YES;
				CLANG_WARN_UNGUARDED_AVAILABILITY = YES_AGGRESSIVE;
				CLANG_WARN_UNREACHABLE_CODE = YES;
				CLANG_WARN__DUPLICATE_METHOD_MATCH = YES;
				COPY_PHASE_STRIP = NO;
				DEBUG_INFORMATION_FORMAT = dwarf;
				ENABLE_STRICT_OBJC_MSGSEND = YES;
				ENABLE_TESTABILITY = YES;
				GCC_C_LANGUAGE_STANDARD = gnu11;
				GCC_DYNAMIC_NO_PIC = NO;
				GCC_NO_COMMON_BLOCKS = YES;
				GCC_OPTIMIZATION_LEVEL = 0;
				GCC_PREPROCESSOR_DEFINITIONS = (
					"DEBUG=1",
					"$(inherited)",
				);
				GCC_WARN_64_TO_32_BIT_CONVERSION = YES;
				GCC_WARN_ABOUT_RETURN_TYPE = YES_ERROR;
				GCC_WARN_UNDECLARED_SELECTOR = YES;
				GCC_WARN_UNINITIALIZED_AUTOS = YES_AGGRESSIVE;
				GCC_WARN_UNUSED_FUNCTION = YES;
				GCC_WARN_UNUSED_VARIABLE = YES;
				IPHONEOS_DEPLOYMENT_TARGET = 14.4;
				MTL_ENABLE_DEBUG_INFO = INCLUDE_SOURCE;
				MTL_FAST_MATH = YES;
				ONLY_ACTIVE_ARCH = YES;
				SDKROOT = iphoneos;
				SWIFT_ACTIVE_COMPILATION_CONDITIONS = DEBUG;
				SWIFT_OPTIMIZATION_LEVEL = "-Onone";
			};
			name = Debug;
		};
		6030E161278C7462002A231A /* Release */ = {
			isa = XCBuildConfiguration;
			buildSettings = {
				ALWAYS_SEARCH_USER_PATHS = NO;
				CLANG_ANALYZER_NONNULL = YES;
				CLANG_ANALYZER_NUMBER_OBJECT_CONVERSION = YES_AGGRESSIVE;
				CLANG_CXX_LANGUAGE_STANDARD = "gnu++14";
				CLANG_CXX_LIBRARY = "libc++";
				CLANG_ENABLE_MODULES = YES;
				CLANG_ENABLE_OBJC_ARC = YES;
				CLANG_ENABLE_OBJC_WEAK = YES;
				CLANG_WARN_BLOCK_CAPTURE_AUTORELEASING = YES;
				CLANG_WARN_BOOL_CONVERSION = YES;
				CLANG_WARN_COMMA = YES;
				CLANG_WARN_CONSTANT_CONVERSION = YES;
				CLANG_WARN_DEPRECATED_OBJC_IMPLEMENTATIONS = YES;
				CLANG_WARN_DIRECT_OBJC_ISA_USAGE = YES_ERROR;
				CLANG_WARN_DOCUMENTATION_COMMENTS = YES;
				CLANG_WARN_EMPTY_BODY = YES;
				CLANG_WARN_ENUM_CONVERSION = YES;
				CLANG_WARN_INFINITE_RECURSION = YES;
				CLANG_WARN_INT_CONVERSION = YES;
				CLANG_WARN_NON_LITERAL_NULL_CONVERSION = YES;
				CLANG_WARN_OBJC_IMPLICIT_RETAIN_SELF = YES;
				CLANG_WARN_OBJC_LITERAL_CONVERSION = YES;
				CLANG_WARN_OBJC_ROOT_CLASS = YES_ERROR;
				CLANG_WARN_QUOTED_INCLUDE_IN_FRAMEWORK_HEADER = YES;
				CLANG_WARN_RANGE_LOOP_ANALYSIS = YES;
				CLANG_WARN_STRICT_PROTOTYPES = YES;
				CLANG_WARN_SUSPICIOUS_MOVE = YES;
				CLANG_WARN_UNGUARDED_AVAILABILITY = YES_AGGRESSIVE;
				CLANG_WARN_UNREACHABLE_CODE = YES;
				CLANG_WARN__DUPLICATE_METHOD_MATCH = YES;
				COPY_PHASE_STRIP = NO;
				DEBUG_INFORMATION_FORMAT = "dwarf-with-dsym";
				ENABLE_NS_ASSERTIONS = NO;
				ENABLE_STRICT_OBJC_MSGSEND = YES;
				GCC_C_LANGUAGE_STANDARD = gnu11;
				GCC_NO_COMMON_BLOCKS = YES;
				GCC_WARN_64_TO_32_BIT_CONVERSION = YES;
				GCC_WARN_ABOUT_RETURN_TYPE = YES_ERROR;
				GCC_WARN_UNDECLARED_SELECTOR = YES;
				GCC_WARN_UNINITIALIZED_AUTOS = YES_AGGRESSIVE;
				GCC_WARN_UNUSED_FUNCTION = YES;
				GCC_WARN_UNUSED_VARIABLE = YES;
				IPHONEOS_DEPLOYMENT_TARGET = 14.4;
				MTL_ENABLE_DEBUG_INFO = NO;
				MTL_FAST_MATH = YES;
				SDKROOT = iphoneos;
				SWIFT_COMPILATION_MODE = wholemodule;
				SWIFT_OPTIMIZATION_LEVEL = "-O";
				VALIDATE_PRODUCT = YES;
			};
			name = Release;
		};
		6030E163278C7462002A231A /* Debug */ = {
			isa = XCBuildConfiguration;
			buildSettings = {
				ASSETCATALOG_COMPILER_APPICON_NAME = AppIcon;
				ASSETCATALOG_COMPILER_GLOBAL_ACCENT_COLOR_NAME = AccentColor;
				CODE_SIGN_STYLE = Automatic;
				DEVELOPMENT_TEAM = STW2D7Y4V8;
				INFOPLIST_FILE = CustomUIViewGame/Info.plist;
				LD_RUNPATH_SEARCH_PATHS = (
					"$(inherited)",
					"@executable_path/Frameworks",
				);
				PRODUCT_BUNDLE_IDENTIFIER = chtoUgodno.CustomUIViewGame;
				PRODUCT_NAME = "$(TARGET_NAME)";
				SWIFT_VERSION = 5.0;
				TARGETED_DEVICE_FAMILY = "1,2";
			};
			name = Debug;
		};
		6030E164278C7462002A231A /* Release */ = {
			isa = XCBuildConfiguration;
			buildSettings = {
				ASSETCATALOG_COMPILER_APPICON_NAME = AppIcon;
				ASSETCATALOG_COMPILER_GLOBAL_ACCENT_COLOR_NAME = AccentColor;
				CODE_SIGN_STYLE = Automatic;
				DEVELOPMENT_TEAM = STW2D7Y4V8;
				INFOPLIST_FILE = CustomUIViewGame/Info.plist;
				LD_RUNPATH_SEARCH_PATHS = (
					"$(inherited)",
					"@executable_path/Frameworks",
				);
				PRODUCT_BUNDLE_IDENTIFIER = chtoUgodno.CustomUIViewGame;
				PRODUCT_NAME = "$(TARGET_NAME)";
				SWIFT_VERSION = 5.0;
				TARGETED_DEVICE_FAMILY = "1,2";
			};
			name = Release;
		};
/* End XCBuildConfiguration section */

/* Begin XCConfigurationList section */
		6030E149278C745F002A231A /* Build configuration list for PBXProject "CustomUIViewGame" */ = {
			isa = XCConfigurationList;
			buildConfigurations = (
				6030E160278C7462002A231A /* Debug */,
				6030E161278C7462002A231A /* Release */,
			);
			defaultConfigurationIsVisible = 0;
			defaultConfigurationName = Release;
		};
		6030E162278C7462002A231A /* Build configuration list for PBXNativeTarget "CustomUIViewGame" */ = {
			isa = XCConfigurationList;
			buildConfigurations = (
				6030E163278C7462002A231A /* Debug */,
				6030E164278C7462002A231A /* Release */,
			);
			defaultConfigurationIsVisible = 0;
			defaultConfigurationName = Release;
		};
/* End XCConfigurationList section */
	};
	rootObject = 6030E146278C745F002A231A /* Project object */;
}
